// !$*UTF8*$!
{
	archiveVersion = 1;
	classes = {
	};
	objectVersion = 50;
	objects = {

/* Begin PBXBuildFile section */
		A11156A121C7CBD000B8B28C /* AppDelegate.swift in Sources */ = {isa = PBXBuildFile; fileRef = A11156A021C7CBD000B8B28C /* AppDelegate.swift */; };
		A11156A621C7CBD000B8B28C /* Main.storyboard in Resources */ = {isa = PBXBuildFile; fileRef = A11156A421C7CBD000B8B28C /* Main.storyboard */; };
		A11156A821C7CBD200B8B28C /* Assets.xcassets in Resources */ = {isa = PBXBuildFile; fileRef = A11156A721C7CBD200B8B28C /* Assets.xcassets */; };
		A11156AB21C7CBD200B8B28C /* LaunchScreen.storyboard in Resources */ = {isa = PBXBuildFile; fileRef = A11156A921C7CBD200B8B28C /* LaunchScreen.storyboard */; };
		A11156B321C7CCBC00B8B28C /* BookTableViewController.swift in Sources */ = {isa = PBXBuildFile; fileRef = A11156B221C7CCBC00B8B28C /* BookTableViewController.swift */; };
		A11156B721C7D5AB00B8B28C /* BookTableViewCell.swift in Sources */ = {isa = PBXBuildFile; fileRef = A11156B621C7D5AB00B8B28C /* BookTableViewCell.swift */; };
		A13B75AE21F5FB300079C328 /* SongDetailViewController.swift in Sources */ = {isa = PBXBuildFile; fileRef = A13B75AD21F5FB300079C328 /* SongDetailViewController.swift */; };
		A13B75B221F5FE2F0079C328 /* SongTableViewController.swift in Sources */ = {isa = PBXBuildFile; fileRef = A13B75B121F5FE2F0079C328 /* SongTableViewController.swift */; };
		A1C62E1021ECBB5700DB2E42 /* BookDetailViewController.swift in Sources */ = {isa = PBXBuildFile; fileRef = A1C62E0F21ECBB5700DB2E42 /* BookDetailViewController.swift */; };
		A1DFA5CD21FF33EB00FF6875 /* GalleryViewController.swift in Sources */ = {isa = PBXBuildFile; fileRef = A1DFA5CC21FF33EB00FF6875 /* GalleryViewController.swift */; };
		A1DFA5CF21FF438000FF6875 /* SongTableViewCell.swift in Sources */ = {isa = PBXBuildFile; fileRef = A1DFA5CE21FF438000FF6875 /* SongTableViewCell.swift */; };
		A1DFA5D621FF497C00FF6875 /* are-we-ready.mp3 in Resources */ = {isa = PBXBuildFile; fileRef = A1DFA5D021FF497800FF6875 /* are-we-ready.mp3 */; };
		A1DFA5D721FF497C00FF6875 /* wicked-game.mp3 in Resources */ = {isa = PBXBuildFile; fileRef = A1DFA5D121FF497900FF6875 /* wicked-game.mp3 */; };
		A1DFA5D821FF497C00FF6875 /* z-imbirem.mp3 in Resources */ = {isa = PBXBuildFile; fileRef = A1DFA5D221FF497900FF6875 /* z-imbirem.mp3 */; };
		A1DFA5D921FF497C00FF6875 /* with-or-without-you.mp3 in Resources */ = {isa = PBXBuildFile; fileRef = A1DFA5D321FF497A00FF6875 /* with-or-without-you.mp3 */; };
		A1DFA5DA21FF497C00FF6875 /* sex-on-fire.mp3 in Resources */ = {isa = PBXBuildFile; fileRef = A1DFA5D421FF497A00FF6875 /* sex-on-fire.mp3 */; };
		A1DFA5DB21FF497C00FF6875 /* intro.mp3 in Resources */ = {isa = PBXBuildFile; fileRef = A1DFA5D521FF497C00FF6875 /* intro.mp3 */; };
		A1DFA5DD21FF4EE300FF6875 /* VideoTableViewCell.swift in Sources */ = {isa = PBXBuildFile; fileRef = A1DFA5DC21FF4EE300FF6875 /* VideoTableViewCell.swift */; };
		A1DFA5DF21FF4EF200FF6875 /* VideoTableViewController.swift in Sources */ = {isa = PBXBuildFile; fileRef = A1DFA5DE21FF4EF200FF6875 /* VideoTableViewController.swift */; };
		A1DFA5E121FF4F0200FF6875 /* VideoDetailViewController.swift in Sources */ = {isa = PBXBuildFile; fileRef = A1DFA5E021FF4F0200FF6875 /* VideoDetailViewController.swift */; };
/* End PBXBuildFile section */

/* Begin PBXFileReference section */
		A111569D21C7CBD000B8B28C /* FoodPin.app */ = {isa = PBXFileReference; explicitFileType = wrapper.application; includeInIndex = 0; path = FoodPin.app; sourceTree = BUILT_PRODUCTS_DIR; };
		A11156A021C7CBD000B8B28C /* AppDelegate.swift */ = {isa = PBXFileReference; lastKnownFileType = sourcecode.swift; path = AppDelegate.swift; sourceTree = "<group>"; };
		A11156A521C7CBD000B8B28C /* Base */ = {isa = PBXFileReference; lastKnownFileType = file.storyboard; name = Base; path = Base.lproj/Main.storyboard; sourceTree = "<group>"; };
		A11156A721C7CBD200B8B28C /* Assets.xcassets */ = {isa = PBXFileReference; lastKnownFileType = folder.assetcatalog; path = Assets.xcassets; sourceTree = "<group>"; };
		A11156AA21C7CBD200B8B28C /* Base */ = {isa = PBXFileReference; lastKnownFileType = file.storyboard; name = Base; path = Base.lproj/LaunchScreen.storyboard; sourceTree = "<group>"; };
		A11156AC21C7CBD200B8B28C /* Info.plist */ = {isa = PBXFileReference; lastKnownFileType = text.plist.xml; path = Info.plist; sourceTree = "<group>"; };
		A11156B221C7CCBC00B8B28C /* BookTableViewController.swift */ = {isa = PBXFileReference; lastKnownFileType = sourcecode.swift; path = BookTableViewController.swift; sourceTree = "<group>"; };
		A11156B621C7D5AB00B8B28C /* BookTableViewCell.swift */ = {isa = PBXFileReference; lastKnownFileType = sourcecode.swift; path = BookTableViewCell.swift; sourceTree = SOURCE_ROOT; };
		A13B75AD21F5FB300079C328 /* SongDetailViewController.swift */ = {isa = PBXFileReference; lastKnownFileType = sourcecode.swift; path = SongDetailViewController.swift; sourceTree = "<group>"; };
		A13B75B121F5FE2F0079C328 /* SongTableViewController.swift */ = {isa = PBXFileReference; lastKnownFileType = sourcecode.swift; path = SongTableViewController.swift; sourceTree = "<group>"; };
		A1C62E0F21ECBB5700DB2E42 /* BookDetailViewController.swift */ = {isa = PBXFileReference; lastKnownFileType = sourcecode.swift; path = BookDetailViewController.swift; sourceTree = "<group>"; };
		A1DFA5CC21FF33EB00FF6875 /* GalleryViewController.swift */ = {isa = PBXFileReference; lastKnownFileType = sourcecode.swift; path = GalleryViewController.swift; sourceTree = "<group>"; };
		A1DFA5CE21FF438000FF6875 /* SongTableViewCell.swift */ = {isa = PBXFileReference; lastKnownFileType = sourcecode.swift; path = SongTableViewCell.swift; sourceTree = "<group>"; };
		A1DFA5D021FF497800FF6875 /* are-we-ready.mp3 */ = {isa = PBXFileReference; lastKnownFileType = audio.mp3; path = "are-we-ready.mp3"; sourceTree = "<group>"; };
		A1DFA5D121FF497900FF6875 /* wicked-game.mp3 */ = {isa = PBXFileReference; lastKnownFileType = audio.mp3; path = "wicked-game.mp3"; sourceTree = "<group>"; };
		A1DFA5D221FF497900FF6875 /* z-imbirem.mp3 */ = {isa = PBXFileReference; lastKnownFileType = audio.mp3; path = "z-imbirem.mp3"; sourceTree = "<group>"; };
		A1DFA5D321FF497A00FF6875 /* with-or-without-you.mp3 */ = {isa = PBXFileReference; lastKnownFileType = audio.mp3; path = "with-or-without-you.mp3"; sourceTree = "<group>"; };
		A1DFA5D421FF497A00FF6875 /* sex-on-fire.mp3 */ = {isa = PBXFileReference; lastKnownFileType = audio.mp3; path = "sex-on-fire.mp3"; sourceTree = "<group>"; };
		A1DFA5D521FF497C00FF6875 /* intro.mp3 */ = {isa = PBXFileReference; lastKnownFileType = audio.mp3; path = intro.mp3; sourceTree = "<group>"; };
		A1DFA5DC21FF4EE300FF6875 /* VideoTableViewCell.swift */ = {isa = PBXFileReference; lastKnownFileType = sourcecode.swift; path = VideoTableViewCell.swift; sourceTree = "<group>"; };
		A1DFA5DE21FF4EF200FF6875 /* VideoTableViewController.swift */ = {isa = PBXFileReference; lastKnownFileType = sourcecode.swift; path = VideoTableViewController.swift; sourceTree = "<group>"; };
		A1DFA5E021FF4F0200FF6875 /* VideoDetailViewController.swift */ = {isa = PBXFileReference; lastKnownFileType = sourcecode.swift; path = VideoDetailViewController.swift; sourceTree = "<group>"; };
		A1DFA5E221FF52BF00FF6875 /* withorwithoutyou.mp4 */ = {isa = PBXFileReference; lastKnownFileType = file; path = withorwithoutyou.mp4; sourceTree = "<group>"; };
		A1DFA5E321FF52C100FF6875 /* areweready.mp4 */ = {isa = PBXFileReference; lastKnownFileType = file; path = areweready.mp4; sourceTree = "<group>"; };
/* End PBXFileReference section */

/* Begin PBXFrameworksBuildPhase section */
		A111569A21C7CBD000B8B28C /* Frameworks */ = {
			isa = PBXFrameworksBuildPhase;
			buildActionMask = 2147483647;
			files = (
			);
			runOnlyForDeploymentPostprocessing = 0;
		};
/* End PBXFrameworksBuildPhase section */

/* Begin PBXGroup section */
		A111569421C7CBD000B8B28C = {
			isa = PBXGroup;
			children = (
				A111569F21C7CBD000B8B28C /* FoodPin */,
				A111569E21C7CBD000B8B28C /* Products */,
			);
			sourceTree = "<group>";
		};
		A111569E21C7CBD000B8B28C /* Products */ = {
			isa = PBXGroup;
			children = (
				A111569D21C7CBD000B8B28C /* FoodPin.app */,
			);
			name = Products;
			sourceTree = "<group>";
		};
		A111569F21C7CBD000B8B28C /* FoodPin */ = {
			isa = PBXGroup;
			children = (
				A11156A021C7CBD000B8B28C /* AppDelegate.swift */,
				A11156A421C7CBD000B8B28C /* Main.storyboard */,
				A11156A721C7CBD200B8B28C /* Assets.xcassets */,
				A11156A921C7CBD200B8B28C /* LaunchScreen.storyboard */,
				A11156AC21C7CBD200B8B28C /* Info.plist */,
				A11156B221C7CCBC00B8B28C /* BookTableViewController.swift */,
				A11156B621C7D5AB00B8B28C /* BookTableViewCell.swift */,
				A1C62E0F21ECBB5700DB2E42 /* BookDetailViewController.swift */,
				A13B75AD21F5FB300079C328 /* SongDetailViewController.swift */,
				A13B75B121F5FE2F0079C328 /* SongTableViewController.swift */,
				A1DFA5CC21FF33EB00FF6875 /* GalleryViewController.swift */,
				A1DFA5CE21FF438000FF6875 /* SongTableViewCell.swift */,
				A1DFA5D121FF497900FF6875 /* wicked-game.mp3 */,
				A1DFA5D421FF497A00FF6875 /* sex-on-fire.mp3 */,
				A1DFA5D221FF497900FF6875 /* z-imbirem.mp3 */,
				A1DFA5D521FF497C00FF6875 /* intro.mp3 */,
				A1DFA5D021FF497800FF6875 /* are-we-ready.mp3 */,
				A1DFA5D321FF497A00FF6875 /* with-or-without-you.mp3 */,
				A1DFA5DC21FF4EE300FF6875 /* VideoTableViewCell.swift */,
				A1DFA5DE21FF4EF200FF6875 /* VideoTableViewController.swift */,
				A1DFA5E021FF4F0200FF6875 /* VideoDetailViewController.swift */,
				A1DFA5E321FF52C100FF6875 /* areweready.mp4 */,
				A1DFA5E221FF52BF00FF6875 /* withorwithoutyou.mp4 */,
			);
			path = FoodPin;
			sourceTree = "<group>";
		};
/* End PBXGroup section */

/* Begin PBXNativeTarget section */
		A111569C21C7CBD000B8B28C /* FoodPin */ = {
			isa = PBXNativeTarget;
			buildConfigurationList = A11156AF21C7CBD200B8B28C /* Build configuration list for PBXNativeTarget "FoodPin" */;
			buildPhases = (
				A111569921C7CBD000B8B28C /* Sources */,
				A111569A21C7CBD000B8B28C /* Frameworks */,
				A111569B21C7CBD000B8B28C /* Resources */,
			);
			buildRules = (
			);
			dependencies = (
			);
			name = FoodPin;
			productName = FoodPin;
			productReference = A111569D21C7CBD000B8B28C /* FoodPin.app */;
			productType = "com.apple.product-type.application";
		};
/* End PBXNativeTarget section */

/* Begin PBXProject section */
		A111569521C7CBD000B8B28C /* Project object */ = {
			isa = PBXProject;
			attributes = {
				LastSwiftUpdateCheck = 1000;
				LastUpgradeCheck = 1000;
				ORGANIZATIONNAME = AppCoda;
				TargetAttributes = {
					A111569C21C7CBD000B8B28C = {
						CreatedOnToolsVersion = 10.0;
					};
				};
			};
			buildConfigurationList = A111569821C7CBD000B8B28C /* Build configuration list for PBXProject "FoodPin" */;
			compatibilityVersion = "Xcode 9.3";
			developmentRegion = en;
			hasScannedForEncodings = 0;
			knownRegions = (
				en,
				Base,
			);
			mainGroup = A111569421C7CBD000B8B28C;
			productRefGroup = A111569E21C7CBD000B8B28C /* Products */;
			projectDirPath = "";
			projectRoot = "";
			targets = (
				A111569C21C7CBD000B8B28C /* FoodPin */,
			);
		};
/* End PBXProject section */

/* Begin PBXResourcesBuildPhase section */
		A111569B21C7CBD000B8B28C /* Resources */ = {
			isa = PBXResourcesBuildPhase;
			buildActionMask = 2147483647;
			files = (
				A1DFA5D621FF497C00FF6875 /* are-we-ready.mp3 in Resources */,
				A1DFA5DB21FF497C00FF6875 /* intro.mp3 in Resources */,
				A1DFA5DA21FF497C00FF6875 /* sex-on-fire.mp3 in Resources */,
				A11156AB21C7CBD200B8B28C /* LaunchScreen.storyboard in Resources */,
				A1DFA5D821FF497C00FF6875 /* z-imbirem.mp3 in Resources */,
				A11156A821C7CBD200B8B28C /* Assets.xcassets in Resources */,
				A11156A621C7CBD000B8B28C /* Main.storyboard in Resources */,
				A1DFA5D921FF497C00FF6875 /* with-or-without-you.mp3 in Resources */,
				A1DFA5D721FF497C00FF6875 /* wicked-game.mp3 in Resources */,
			);
			runOnlyForDeploymentPostprocessing = 0;
		};
/* End PBXResourcesBuildPhase section */

/* Begin PBXSourcesBuildPhase section */
		A111569921C7CBD000B8B28C /* Sources */ = {
			isa = PBXSourcesBuildPhase;
			buildActionMask = 2147483647;
			files = (
				A11156B321C7CCBC00B8B28C /* BookTableViewController.swift in Sources */,
				A1DFA5CD21FF33EB00FF6875 /* GalleryViewController.swift in Sources */,
				A13B75AE21F5FB300079C328 /* SongDetailViewController.swift in Sources */,
				A11156B721C7D5AB00B8B28C /* BookTableViewCell.swift in Sources */,
				A1DFA5CF21FF438000FF6875 /* SongTableViewCell.swift in Sources */,
				A1C62E1021ECBB5700DB2E42 /* BookDetailViewController.swift in Sources */,
				A13B75B221F5FE2F0079C328 /* SongTableViewController.swift in Sources */,
				A1DFA5DF21FF4EF200FF6875 /* VideoTableViewController.swift in Sources */,
				A11156A121C7CBD000B8B28C /* AppDelegate.swift in Sources */,
				A1DFA5DD21FF4EE300FF6875 /* VideoTableViewCell.swift in Sources */,
				A1DFA5E121FF4F0200FF6875 /* VideoDetailViewController.swift in Sources */,
			);
			runOnlyForDeploymentPostprocessing = 0;
		};
/* End PBXSourcesBuildPhase section */

/* Begin PBXVariantGroup section */
		A11156A421C7CBD000B8B28C /* Main.storyboard */ = {
			isa = PBXVariantGroup;
			children = (
				A11156A521C7CBD000B8B28C /* Base */,
			);
			name = Main.storyboard;
			sourceTree = "<group>";
		};
		A11156A921C7CBD200B8B28C /* LaunchScreen.storyboard */ = {
			isa = PBXVariantGroup;
			children = (
				A11156AA21C7CBD200B8B28C /* Base */,
			);
			name = LaunchScreen.storyboard;
			sourceTree = "<group>";
		};
/* End PBXVariantGroup section */

/* Begin XCBuildConfiguration section */
		A11156AD21C7CBD200B8B28C /* Debug */ = {
			isa = XCBuildConfiguration;
			buildSettings = {
				ALWAYS_SEARCH_USER_PATHS = NO;
				CLANG_ANALYZER_NONNULL = YES;
				CLANG_ANALYZER_NUMBER_OBJECT_CONVERSION = YES_AGGRESSIVE;
				CLANG_CXX_LANGUAGE_STANDARD = "gnu++14";
				CLANG_CXX_LIBRARY = "libc++";
				CLANG_ENABLE_MODULES = YES;
				CLANG_ENABLE_OBJC_ARC = YES;
				CLANG_ENABLE_OBJC_WEAK = YES;
				CLANG_WARN_BLOCK_CAPTURE_AUTORELEASING = YES;
				CLANG_WARN_BOOL_CONVERSION = YES;
				CLANG_WARN_COMMA = YES;
				CLANG_WARN_CONSTANT_CONVERSION = YES;
				CLANG_WARN_DEPRECATED_OBJC_IMPLEMENTATIONS = YES;
				CLANG_WARN_DIRECT_OBJC_ISA_USAGE = YES_ERROR;
				CLANG_WARN_DOCUMENTATION_COMMENTS = YES;
				CLANG_WARN_EMPTY_BODY = YES;
				CLANG_WARN_ENUM_CONVERSION = YES;
				CLANG_WARN_INFINITE_RECURSION = YES;
				CLANG_WARN_INT_CONVERSION = YES;
				CLANG_WARN_NON_LITERAL_NULL_CONVERSION = YES;
				CLANG_WARN_OBJC_IMPLICIT_RETAIN_SELF = YES;
				CLANG_WARN_OBJC_LITERAL_CONVERSION = YES;
				CLANG_WARN_OBJC_ROOT_CLASS = YES_ERROR;
				CLANG_WARN_RANGE_LOOP_ANALYSIS = YES;
				CLANG_WARN_STRICT_PROTOTYPES = YES;
				CLANG_WARN_SUSPICIOUS_MOVE = YES;
				CLANG_WARN_UNGUARDED_AVAILABILITY = YES_AGGRESSIVE;
				CLANG_WARN_UNREACHABLE_CODE = YES;
				CLANG_WARN__DUPLICATE_METHOD_MATCH = YES;
				CODE_SIGN_IDENTITY = "iPhone Developer";
				COPY_PHASE_STRIP = NO;
				DEBUG_INFORMATION_FORMAT = dwarf;
				ENABLE_STRICT_OBJC_MSGSEND = YES;
				ENABLE_TESTABILITY = YES;
				GCC_C_LANGUAGE_STANDARD = gnu11;
				GCC_DYNAMIC_NO_PIC = NO;
				GCC_NO_COMMON_BLOCKS = YES;
				GCC_OPTIMIZATION_LEVEL = 0;
				GCC_PREPROCESSOR_DEFINITIONS = (
					"DEBUG=1",
					"$(inherited)",
				);
				GCC_WARN_64_TO_32_BIT_CONVERSION = YES;
				GCC_WARN_ABOUT_RETURN_TYPE = YES_ERROR;
				GCC_WARN_UNDECLARED_SELECTOR = YES;
				GCC_WARN_UNINITIALIZED_AUTOS = YES_AGGRESSIVE;
				GCC_WARN_UNUSED_FUNCTION = YES;
				GCC_WARN_UNUSED_VARIABLE = YES;
				IPHONEOS_DEPLOYMENT_TARGET = 12.0;
				MTL_ENABLE_DEBUG_INFO = INCLUDE_SOURCE;
				MTL_FAST_MATH = YES;
				ONLY_ACTIVE_ARCH = YES;
				SDKROOT = iphoneos;
				SWIFT_ACTIVE_COMPILATION_CONDITIONS = DEBUG;
				SWIFT_OPTIMIZATION_LEVEL = "-Onone";
			};
			name = Debug;
		};
		A11156AE21C7CBD200B8B28C /* Release */ = {
			isa = XCBuildConfiguration;
			buildSettings = {
				ALWAYS_SEARCH_USER_PATHS = NO;
				CLANG_ANALYZER_NONNULL = YES;
				CLANG_ANALYZER_NUMBER_OBJECT_CONVERSION = YES_AGGRESSIVE;
				CLANG_CXX_LANGUAGE_STANDARD = "gnu++14";
				CLANG_CXX_LIBRARY = "libc++";
				CLANG_ENABLE_MODULES = YES;
				CLANG_ENABLE_OBJC_ARC = YES;
				CLANG_ENABLE_OBJC_WEAK = YES;
				CLANG_WARN_BLOCK_CAPTURE_AUTORELEASING = YES;
				CLANG_WARN_BOOL_CONVERSION = YES;
				CLANG_WARN_COMMA = YES;
				CLANG_WARN_CONSTANT_CONVERSION = YES;
				CLANG_WARN_DEPRECATED_OBJC_IMPLEMENTATIONS = YES;
				CLANG_WARN_DIRECT_OBJC_ISA_USAGE = YES_ERROR;
				CLANG_WARN_DOCUMENTATION_COMMENTS = YES;
				CLANG_WARN_EMPTY_BODY = YES;
				CLANG_WARN_ENUM_CONVERSION = YES;
				CLANG_WARN_INFINITE_RECURSION = YES;
				CLANG_WARN_INT_CONVERSION = YES;
				CLANG_WARN_NON_LITERAL_NULL_CONVERSION = YES;
				CLANG_WARN_OBJC_IMPLICIT_RETAIN_SELF = YES;
				CLANG_WARN_OBJC_LITERAL_CONVERSION = YES;
				CLANG_WARN_OBJC_ROOT_CLASS = YES_ERROR;
				CLANG_WARN_RANGE_LOOP_ANALYSIS = YES;
				CLANG_WARN_STRICT_PROTOTYPES = YES;
				CLANG_WARN_SUSPICIOUS_MOVE = YES;
				CLANG_WARN_UNGUARDED_AVAILABILITY = YES_AGGRESSIVE;
				CLANG_WARN_UNREACHABLE_CODE = YES;
				CLANG_WARN__DUPLICATE_METHOD_MATCH = YES;
				CODE_SIGN_IDENTITY = "iPhone Developer";
				COPY_PHASE_STRIP = NO;
				DEBUG_INFORMATION_FORMAT = "dwarf-with-dsym";
				ENABLE_NS_ASSERTIONS = NO;
				ENABLE_STRICT_OBJC_MSGSEND = YES;
				GCC_C_LANGUAGE_STANDARD = gnu11;
				GCC_NO_COMMON_BLOCKS = YES;
				GCC_WARN_64_TO_32_BIT_CONVERSION = YES;
				GCC_WARN_ABOUT_RETURN_TYPE = YES_ERROR;
				GCC_WARN_UNDECLARED_SELECTOR = YES;
				GCC_WARN_UNINITIALIZED_AUTOS = YES_AGGRESSIVE;
				GCC_WARN_UNUSED_FUNCTION = YES;
				GCC_WARN_UNUSED_VARIABLE = YES;
				IPHONEOS_DEPLOYMENT_TARGET = 12.0;
				MTL_ENABLE_DEBUG_INFO = NO;
				MTL_FAST_MATH = YES;
				SDKROOT = iphoneos;
				SWIFT_COMPILATION_MODE = wholemodule;
				SWIFT_OPTIMIZATION_LEVEL = "-O";
				VALIDATE_PRODUCT = YES;
			};
			name = Release;
		};
		A11156B021C7CBD200B8B28C /* Debug */ = {
			isa = XCBuildConfiguration;
			buildSettings = {
				ASSETCATALOG_COMPILER_APPICON_NAME = AppIcon;
				CODE_SIGN_STYLE = Automatic;
				INFOPLIST_FILE = FoodPin/Info.plist;
				LD_RUNPATH_SEARCH_PATHS = (
					"$(inherited)",
					"@executable_path/Frameworks",
				);
				PRODUCT_BUNDLE_IDENTIFIER = com.appcoda.FoodPin;
				PRODUCT_NAME = "$(TARGET_NAME)";
				SWIFT_VERSION = 4.2;
				TARGETED_DEVICE_FAMILY = "1,2";
			};
			name = Debug;
		};
		A11156B121C7CBD200B8B28C /* Release */ = {
			isa = XCBuildConfiguration;
			buildSettings = {
				ASSETCATALOG_COMPILER_APPICON_NAME = AppIcon;
				CODE_SIGN_STYLE = Automatic;
				INFOPLIST_FILE = FoodPin/Info.plist;
				LD_RUNPATH_SEARCH_PATHS = (
					"$(inherited)",
					"@executable_path/Frameworks",
				);
				PRODUCT_BUNDLE_IDENTIFIER = com.appcoda.FoodPin;
				PRODUCT_NAME = "$(TARGET_NAME)";
				SWIFT_VERSION = 4.2;
				TARGETED_DEVICE_FAMILY = "1,2";
			};
			name = Release;
		};
/* End XCBuildConfiguration section */

/* Begin XCConfigurationList section */
		A111569821C7CBD000B8B28C /* Build configuration list for PBXProject "FoodPin" */ = {
			isa = XCConfigurationList;
			buildConfigurations = (
				A11156AD21C7CBD200B8B28C /* Debug */,
				A11156AE21C7CBD200B8B28C /* Release */,
			);
			defaultConfigurationIsVisible = 0;
			defaultConfigurationName = Release;
		};
		A11156AF21C7CBD200B8B28C /* Build configuration list for PBXNativeTarget "FoodPin" */ = {
			isa = XCConfigurationList;
			buildConfigurations = (
				A11156B021C7CBD200B8B28C /* Debug */,
				A11156B121C7CBD200B8B28C /* Release */,
			);
			defaultConfigurationIsVisible = 0;
			defaultConfigurationName = Release;
		};
/* End XCConfigurationList section */
	};
	rootObject = A111569521C7CBD000B8B28C /* Project object */;
}
